// !$*UTF8*$!
{
	archiveVersion = 1;
	classes = {
	};
	objectVersion = 56;
	objects = {

/* Begin PBXBuildFile section */
		E845B65C2C24730F00E1AF3B /* Checklist.swift in Sources */ = {isa = PBXBuildFile; fileRef = E845B65B2C24730F00E1AF3B /* Checklist.swift */; };
		E87170D22C1C82B800770EDA /* ChecklistItem.swift in Sources */ = {isa = PBXBuildFile; fileRef = E87170D12C1C82B800770EDA /* ChecklistItem.swift */; };
		E87170D42C1CB0A000770EDA /* ItemDetailViewController.swift in Sources */ = {isa = PBXBuildFile; fileRef = E87170D32C1CB0A000770EDA /* ItemDetailViewController.swift */; };
		E8D9EC8B2C252BD400B7B267 /* ListDetailViewController.swift in Sources */ = {isa = PBXBuildFile; fileRef = E8D9EC8A2C252BD400B7B267 /* ListDetailViewController.swift */; };
		E8EB272C2C1010D1005F2ABE /* AppDelegate.swift in Sources */ = {isa = PBXBuildFile; fileRef = E8EB272B2C1010D1005F2ABE /* AppDelegate.swift */; };
		E8EB272E2C1010D1005F2ABE /* SceneDelegate.swift in Sources */ = {isa = PBXBuildFile; fileRef = E8EB272D2C1010D1005F2ABE /* SceneDelegate.swift */; };
		E8EB27302C1010D1005F2ABE /* ChecklistViewController.swift in Sources */ = {isa = PBXBuildFile; fileRef = E8EB272F2C1010D1005F2ABE /* ChecklistViewController.swift */; };
		E8EB27332C1010D1005F2ABE /* Base in Resources */ = {isa = PBXBuildFile; fileRef = E8EB27322C1010D1005F2ABE /* Base */; };
		E8EB27352C1010D2005F2ABE /* Assets.xcassets in Resources */ = {isa = PBXBuildFile; fileRef = E8EB27342C1010D2005F2ABE /* Assets.xcassets */; };
		E8EB27382C1010D2005F2ABE /* Base in Resources */ = {isa = PBXBuildFile; fileRef = E8EB27372C1010D2005F2ABE /* Base */; };
		E8ED6B682C23308C00E04236 /* AllListsViewController.swift in Sources */ = {isa = PBXBuildFile; fileRef = E8ED6B672C23308C00E04236 /* AllListsViewController.swift */; };
		E8F02B532C27CBF1009383E6 /* DataModel.swift in Sources */ = {isa = PBXBuildFile; fileRef = E8F02B522C27CBF1009383E6 /* DataModel.swift */; };
/* End PBXBuildFile section */

/* Begin PBXFileReference section */
		E845B65B2C24730F00E1AF3B /* Checklist.swift */ = {isa = PBXFileReference; lastKnownFileType = sourcecode.swift; path = Checklist.swift; sourceTree = "<group>"; };
		E87170D12C1C82B800770EDA /* ChecklistItem.swift */ = {isa = PBXFileReference; lastKnownFileType = sourcecode.swift; path = ChecklistItem.swift; sourceTree = "<group>"; };
		E87170D32C1CB0A000770EDA /* ItemDetailViewController.swift */ = {isa = PBXFileReference; lastKnownFileType = sourcecode.swift; path = ItemDetailViewController.swift; sourceTree = "<group>"; };
		E8D9EC8A2C252BD400B7B267 /* ListDetailViewController.swift */ = {isa = PBXFileReference; lastKnownFileType = sourcecode.swift; path = ListDetailViewController.swift; sourceTree = "<group>"; };
		E8EB27282C1010D1005F2ABE /* TimHortons.app */ = {isa = PBXFileReference; explicitFileType = wrapper.application; includeInIndex = 0; path = TimHortons.app; sourceTree = BUILT_PRODUCTS_DIR; };
		E8EB272B2C1010D1005F2ABE /* AppDelegate.swift */ = {isa = PBXFileReference; lastKnownFileType = sourcecode.swift; path = AppDelegate.swift; sourceTree = "<group>"; };
		E8EB272D2C1010D1005F2ABE /* SceneDelegate.swift */ = {isa = PBXFileReference; lastKnownFileType = sourcecode.swift; path = SceneDelegate.swift; sourceTree = "<group>"; };
		E8EB272F2C1010D1005F2ABE /* ChecklistViewController.swift */ = {isa = PBXFileReference; lastKnownFileType = sourcecode.swift; path = ChecklistViewController.swift; sourceTree = "<group>"; };
		E8EB27322C1010D1005F2ABE /* Base */ = {isa = PBXFileReference; lastKnownFileType = file.storyboard; name = Base; path = Base.lproj/Main.storyboard; sourceTree = "<group>"; };
		E8EB27342C1010D2005F2ABE /* Assets.xcassets */ = {isa = PBXFileReference; lastKnownFileType = folder.assetcatalog; path = Assets.xcassets; sourceTree = "<group>"; };
		E8EB27372C1010D2005F2ABE /* Base */ = {isa = PBXFileReference; lastKnownFileType = file.storyboard; name = Base; path = Base.lproj/LaunchScreen.storyboard; sourceTree = "<group>"; };
		E8EB27392C1010D2005F2ABE /* Info.plist */ = {isa = PBXFileReference; lastKnownFileType = text.plist.xml; path = Info.plist; sourceTree = "<group>"; };
		E8ED6B672C23308C00E04236 /* AllListsViewController.swift */ = {isa = PBXFileReference; lastKnownFileType = sourcecode.swift; path = AllListsViewController.swift; sourceTree = "<group>"; };
		E8F02B522C27CBF1009383E6 /* DataModel.swift */ = {isa = PBXFileReference; lastKnownFileType = sourcecode.swift; path = DataModel.swift; sourceTree = "<group>"; };
/* End PBXFileReference section */

/* Begin PBXFrameworksBuildPhase section */
		E8EB27252C1010D1005F2ABE /* Frameworks */ = {
			isa = PBXFrameworksBuildPhase;
			buildActionMask = 2147483647;
			files = (
			);
			runOnlyForDeploymentPostprocessing = 0;
		};
/* End PBXFrameworksBuildPhase section */

/* Begin PBXGroup section */
		E8DA514B2C29C3810033F756 /* View Cotrollers */ = {
			isa = PBXGroup;
			children = (
				E8ED6B672C23308C00E04236 /* AllListsViewController.swift */,
				E8EB272F2C1010D1005F2ABE /* ChecklistViewController.swift */,
				E87170D32C1CB0A000770EDA /* ItemDetailViewController.swift */,
				E8D9EC8A2C252BD400B7B267 /* ListDetailViewController.swift */,
			);
			path = "View Cotrollers";
			sourceTree = "<group>";
		};
		E8DA514C2C29C4580033F756 /* Data models */ = {
			isa = PBXGroup;
			children = (
				E845B65B2C24730F00E1AF3B /* Checklist.swift */,
				E87170D12C1C82B800770EDA /* ChecklistItem.swift */,
				E8F02B522C27CBF1009383E6 /* DataModel.swift */,
			);
			path = "Data models";
			sourceTree = "<group>";
		};
		E8DA514D2C29C4CD0033F756 /* Resources */ = {
			isa = PBXGroup;
			children = (
				E8EB27362C1010D2005F2ABE /* LaunchScreen.storyboard */,
				E8EB27312C1010D1005F2ABE /* Main.storyboard */,
				E8EB27342C1010D2005F2ABE /* Assets.xcassets */,
			);
			path = Resources;
			sourceTree = "<group>";
		};
		E8EB271F2C1010D1005F2ABE = {
			isa = PBXGroup;
			children = (
				E8EB272A2C1010D1005F2ABE /* TimHortons */,
				E8EB27292C1010D1005F2ABE /* Products */,
			);
			sourceTree = "<group>";
		};
		E8EB27292C1010D1005F2ABE /* Products */ = {
			isa = PBXGroup;
			children = (
				E8EB27282C1010D1005F2ABE /* TimHortons.app */,
			);
			name = Products;
			sourceTree = "<group>";
		};
		E8EB272A2C1010D1005F2ABE /* TimHortons */ = {
			isa = PBXGroup;
			children = (
				E8DA514D2C29C4CD0033F756 /* Resources */,
				E8DA514C2C29C4580033F756 /* Data models */,
				E8DA514B2C29C3810033F756 /* View Cotrollers */,
				E8EB272B2C1010D1005F2ABE /* AppDelegate.swift */,
				E8EB27392C1010D2005F2ABE /* Info.plist */,
				E8EB272D2C1010D1005F2ABE /* SceneDelegate.swift */,
			);
			path = TimHortons;
			sourceTree = "<group>";
		};
/* End PBXGroup section */

/* Begin PBXNativeTarget section */
		E8EB27272C1010D1005F2ABE /* TimHortons */ = {
			isa = PBXNativeTarget;
			buildConfigurationList = E8EB273C2C1010D2005F2ABE /* Build configuration list for PBXNativeTarget "TimHortons" */;
			buildPhases = (
				E8EB27242C1010D1005F2ABE /* Sources */,
				E8EB27252C1010D1005F2ABE /* Frameworks */,
				E8EB27262C1010D1005F2ABE /* Resources */,
			);
			buildRules = (
			);
			dependencies = (
			);
			name = TimHortons;
			productName = TimHortons;
			productReference = E8EB27282C1010D1005F2ABE /* TimHortons.app */;
			productType = "com.apple.product-type.application";
		};
/* End PBXNativeTarget section */

/* Begin PBXProject section */
		E8EB27202C1010D1005F2ABE /* Project object */ = {
			isa = PBXProject;
			attributes = {
				BuildIndependentTargetsInParallel = 1;
				LastSwiftUpdateCheck = 1530;
				LastUpgradeCheck = 1530;
				TargetAttributes = {
					E8EB27272C1010D1005F2ABE = {
						CreatedOnToolsVersion = 15.3;
					};
				};
			};
			buildConfigurationList = E8EB27232C1010D1005F2ABE /* Build configuration list for PBXProject "TimHortons" */;
			compatibilityVersion = "Xcode 14.0";
			developmentRegion = en;
			hasScannedForEncodings = 0;
			knownRegions = (
				en,
				Base,
			);
			mainGroup = E8EB271F2C1010D1005F2ABE;
			productRefGroup = E8EB27292C1010D1005F2ABE /* Products */;
			projectDirPath = "";
			projectRoot = "";
			targets = (
				E8EB27272C1010D1005F2ABE /* TimHortons */,
			);
		};
/* End PBXProject section */

/* Begin PBXResourcesBuildPhase section */
		E8EB27262C1010D1005F2ABE /* Resources */ = {
			isa = PBXResourcesBuildPhase;
			buildActionMask = 2147483647;
			files = (
				E8EB27352C1010D2005F2ABE /* Assets.xcassets in Resources */,
				E8EB27382C1010D2005F2ABE /* Base in Resources */,
				E8EB27332C1010D1005F2ABE /* Base in Resources */,
			);
			runOnlyForDeploymentPostprocessing = 0;
		};
/* End PBXResourcesBuildPhase section */

/* Begin PBXSourcesBuildPhase section */
		E8EB27242C1010D1005F2ABE /* Sources */ = {
			isa = PBXSourcesBuildPhase;
			buildActionMask = 2147483647;
			files = (
				E8ED6B682C23308C00E04236 /* AllListsViewController.swift in Sources */,
				E87170D42C1CB0A000770EDA /* ItemDetailViewController.swift in Sources */,
				E8EB27302C1010D1005F2ABE /* ChecklistViewController.swift in Sources */,
				E8EB272C2C1010D1005F2ABE /* AppDelegate.swift in Sources */,
				E8EB272E2C1010D1005F2ABE /* SceneDelegate.swift in Sources */,
				E87170D22C1C82B800770EDA /* ChecklistItem.swift in Sources */,
				E845B65C2C24730F00E1AF3B /* Checklist.swift in Sources */,
				E8D9EC8B2C252BD400B7B267 /* ListDetailViewController.swift in Sources */,
				E8F02B532C27CBF1009383E6 /* DataModel.swift in Sources */,
			);
			runOnlyForDeploymentPostprocessing = 0;
		};
/* End PBXSourcesBuildPhase section */

/* Begin PBXVariantGroup section */
		E8EB27312C1010D1005F2ABE /* Main.storyboard */ = {
			isa = PBXVariantGroup;
			children = (
				E8EB27322C1010D1005F2ABE /* Base */,
			);
			name = Main.storyboard;
			sourceTree = "<group>";
		};
		E8EB27362C1010D2005F2ABE /* LaunchScreen.storyboard */ = {
			isa = PBXVariantGroup;
			children = (
				E8EB27372C1010D2005F2ABE /* Base */,
			);
			name = LaunchScreen.storyboard;
			sourceTree = "<group>";
		};
/* End PBXVariantGroup section */

/* Begin XCBuildConfiguration section */
		E8EB273A2C1010D2005F2ABE /* Debug */ = {
			isa = XCBuildConfiguration;
			buildSettings = {
				ALWAYS_SEARCH_USER_PATHS = NO;
				ASSETCATALOG_COMPILER_GENERATE_SWIFT_ASSET_SYMBOL_EXTENSIONS = YES;
				CLANG_ANALYZER_NONNULL = YES;
				CLANG_ANALYZER_NUMBER_OBJECT_CONVERSION = YES_AGGRESSIVE;
				CLANG_CXX_LANGUAGE_STANDARD = "gnu++20";
				CLANG_ENABLE_MODULES = YES;
				CLANG_ENABLE_OBJC_ARC = YES;
				CLANG_ENABLE_OBJC_WEAK = YES;
				CLANG_WARN_BLOCK_CAPTURE_AUTORELEASING = YES;
				CLANG_WARN_BOOL_CONVERSION = YES;
				CLANG_WARN_COMMA = YES;
				CLANG_WARN_CONSTANT_CONVERSION = YES;
				CLANG_WARN_DEPRECATED_OBJC_IMPLEMENTATIONS = YES;
				CLANG_WARN_DIRECT_OBJC_ISA_USAGE = YES_ERROR;
				CLANG_WARN_DOCUMENTATION_COMMENTS = YES;
				CLANG_WARN_EMPTY_BODY = YES;
				CLANG_WARN_ENUM_CONVERSION = YES;
				CLANG_WARN_INFINITE_RECURSION = YES;
				CLANG_WARN_INT_CONVERSION = YES;
				CLANG_WARN_NON_LITERAL_NULL_CONVERSION = YES;
				CLANG_WARN_OBJC_IMPLICIT_RETAIN_SELF = YES;
				CLANG_WARN_OBJC_LITERAL_CONVERSION = YES;
				CLANG_WARN_OBJC_ROOT_CLASS = YES_ERROR;
				CLANG_WARN_QUOTED_INCLUDE_IN_FRAMEWORK_HEADER = YES;
				CLANG_WARN_RANGE_LOOP_ANALYSIS = YES;
				CLANG_WARN_STRICT_PROTOTYPES = YES;
				CLANG_WARN_SUSPICIOUS_MOVE = YES;
				CLANG_WARN_UNGUARDED_AVAILABILITY = YES_AGGRESSIVE;
				CLANG_WARN_UNREACHABLE_CODE = YES;
				CLANG_WARN__DUPLICATE_METHOD_MATCH = YES;
				COPY_PHASE_STRIP = NO;
				DEBUG_INFORMATION_FORMAT = dwarf;
				ENABLE_STRICT_OBJC_MSGSEND = YES;
				ENABLE_TESTABILITY = YES;
				ENABLE_USER_SCRIPT_SANDBOXING = YES;
				GCC_C_LANGUAGE_STANDARD = gnu17;
				GCC_DYNAMIC_NO_PIC = NO;
				GCC_NO_COMMON_BLOCKS = YES;
				GCC_OPTIMIZATION_LEVEL = 0;
				GCC_PREPROCESSOR_DEFINITIONS = (
					"DEBUG=1",
					"$(inherited)",
				);
				GCC_WARN_64_TO_32_BIT_CONVERSION = YES;
				GCC_WARN_ABOUT_RETURN_TYPE = YES_ERROR;
				GCC_WARN_UNDECLARED_SELECTOR = YES;
				GCC_WARN_UNINITIALIZED_AUTOS = YES_AGGRESSIVE;
				GCC_WARN_UNUSED_FUNCTION = YES;
				GCC_WARN_UNUSED_VARIABLE = YES;
				IPHONEOS_DEPLOYMENT_TARGET = 17.4;
				LOCALIZATION_PREFERS_STRING_CATALOGS = YES;
				MTL_ENABLE_DEBUG_INFO = INCLUDE_SOURCE;
				MTL_FAST_MATH = YES;
				ONLY_ACTIVE_ARCH = YES;
				SDKROOT = iphoneos;
				SWIFT_ACTIVE_COMPILATION_CONDITIONS = "DEBUG $(inherited)";
				SWIFT_OPTIMIZATION_LEVEL = "-Onone";
			};
			name = Debug;
		};
		E8EB273B2C1010D2005F2ABE /* Release */ = {
			isa = XCBuildConfiguration;
			buildSettings = {
				ALWAYS_SEARCH_USER_PATHS = NO;
				ASSETCATALOG_COMPILER_GENERATE_SWIFT_ASSET_SYMBOL_EXTENSIONS = YES;
				CLANG_ANALYZER_NONNULL = YES;
				CLANG_ANALYZER_NUMBER_OBJECT_CONVERSION = YES_AGGRESSIVE;
				CLANG_CXX_LANGUAGE_STANDARD = "gnu++20";
				CLANG_ENABLE_MODULES = YES;
				CLANG_ENABLE_OBJC_ARC = YES;
				CLANG_ENABLE_OBJC_WEAK = YES;
				CLANG_WARN_BLOCK_CAPTURE_AUTORELEASING = YES;
				CLANG_WARN_BOOL_CONVERSION = YES;
				CLANG_WARN_COMMA = YES;
				CLANG_WARN_CONSTANT_CONVERSION = YES;
				CLANG_WARN_DEPRECATED_OBJC_IMPLEMENTATIONS = YES;
				CLANG_WARN_DIRECT_OBJC_ISA_USAGE = YES_ERROR;
				CLANG_WARN_DOCUMENTATION_COMMENTS = YES;
				CLANG_WARN_EMPTY_BODY = YES;
				CLANG_WARN_ENUM_CONVERSION = YES;
				CLANG_WARN_INFINITE_RECURSION = YES;
				CLANG_WARN_INT_CONVERSION = YES;
				CLANG_WARN_NON_LITERAL_NULL_CONVERSION = YES;
				CLANG_WARN_OBJC_IMPLICIT_RETAIN_SELF = YES;
				CLANG_WARN_OBJC_LITERAL_CONVERSION = YES;
				CLANG_WARN_OBJC_ROOT_CLASS = YES_ERROR;
				CLANG_WARN_QUOTED_INCLUDE_IN_FRAMEWORK_HEADER = YES;
				CLANG_WARN_RANGE_LOOP_ANALYSIS = YES;
				CLANG_WARN_STRICT_PROTOTYPES = YES;
				CLANG_WARN_SUSPICIOUS_MOVE = YES;
				CLANG_WARN_UNGUARDED_AVAILABILITY = YES_AGGRESSIVE;
				CLANG_WARN_UNREACHABLE_CODE = YES;
				CLANG_WARN__DUPLICATE_METHOD_MATCH = YES;
				COPY_PHASE_STRIP = NO;
				DEBUG_INFORMATION_FORMAT = "dwarf-with-dsym";
				ENABLE_NS_ASSERTIONS = NO;
				ENABLE_STRICT_OBJC_MSGSEND = YES;
				ENABLE_USER_SCRIPT_SANDBOXING = YES;
				GCC_C_LANGUAGE_STANDARD = gnu17;
				GCC_NO_COMMON_BLOCKS = YES;
				GCC_WARN_64_TO_32_BIT_CONVERSION = YES;
				GCC_WARN_ABOUT_RETURN_TYPE = YES_ERROR;
				GCC_WARN_UNDECLARED_SELECTOR = YES;
				GCC_WARN_UNINITIALIZED_AUTOS = YES_AGGRESSIVE;
				GCC_WARN_UNUSED_FUNCTION = YES;
				GCC_WARN_UNUSED_VARIABLE = YES;
				IPHONEOS_DEPLOYMENT_TARGET = 17.4;
				LOCALIZATION_PREFERS_STRING_CATALOGS = YES;
				MTL_ENABLE_DEBUG_INFO = NO;
				MTL_FAST_MATH = YES;
				SDKROOT = iphoneos;
				SWIFT_COMPILATION_MODE = wholemodule;
				VALIDATE_PRODUCT = YES;
			};
			name = Release;
		};
		E8EB273D2C1010D2005F2ABE /* Debug */ = {
			isa = XCBuildConfiguration;
			buildSettings = {
				ASSETCATALOG_COMPILER_APPICON_NAME = AppIcon;
				ASSETCATALOG_COMPILER_GLOBAL_ACCENT_COLOR_NAME = AccentColor;
				CODE_SIGN_STYLE = Automatic;
				CURRENT_PROJECT_VERSION = 1;
				DEVELOPMENT_TEAM = 4T8F55BMC5;
				GENERATE_INFOPLIST_FILE = YES;
				INFOPLIST_FILE = TimHortons/Info.plist;
				INFOPLIST_KEY_UIApplicationSupportsIndirectInputEvents = YES;
				INFOPLIST_KEY_UILaunchStoryboardName = LaunchScreen;
				INFOPLIST_KEY_UIMainStoryboardFile = Main;
				INFOPLIST_KEY_UISupportedInterfaceOrientations = UIInterfaceOrientationPortrait;
				LD_RUNPATH_SEARCH_PATHS = (
					"$(inherited)",
					"@executable_path/Frameworks",
				);
				MARKETING_VERSION = 1.0;
				PRODUCT_BUNDLE_IDENTIFIER = com.trios2024am.TimHortons;
				PRODUCT_NAME = "$(TARGET_NAME)";
				SWIFT_EMIT_LOC_STRINGS = YES;
				SWIFT_VERSION = 5.0;
				TARGETED_DEVICE_FAMILY = "1,2";
			};
			name = Debug;
		};
		E8EB273E2C1010D2005F2ABE /* Release */ = {
			isa = XCBuildConfiguration;
			buildSettings = {
				ASSETCATALOG_COMPILER_APPICON_NAME = AppIcon;
				ASSETCATALOG_COMPILER_GLOBAL_ACCENT_COLOR_NAME = AccentColor;
				CODE_SIGN_STYLE = Automatic;
				CURRENT_PROJECT_VERSION = 1;
				DEVELOPMENT_TEAM = 4T8F55BMC5;
				GENERATE_INFOPLIST_FILE = YES;
				INFOPLIST_FILE = TimHortons/Info.plist;
				INFOPLIST_KEY_UIApplicationSupportsIndirectInputEvents = YES;
				INFOPLIST_KEY_UILaunchStoryboardName = LaunchScreen;
				INFOPLIST_KEY_UIMainStoryboardFile = Main;
				INFOPLIST_KEY_UISupportedInterfaceOrientations = UIInterfaceOrientationPortrait;
				LD_RUNPATH_SEARCH_PATHS = (
					"$(inherited)",
					"@executable_path/Frameworks",
				);
				MARKETING_VERSION = 1.0;
				PRODUCT_BUNDLE_IDENTIFIER = com.trios2024am.TimHortons;
				PRODUCT_NAME = "$(TARGET_NAME)";
				SWIFT_EMIT_LOC_STRINGS = YES;
				SWIFT_VERSION = 5.0;
				TARGETED_DEVICE_FAMILY = "1,2";
			};
			name = Release;
		};
/* End XCBuildConfiguration section */

/* Begin XCConfigurationList section */
		E8EB27232C1010D1005F2ABE /* Build configuration list for PBXProject "TimHortons" */ = {
			isa = XCConfigurationList;
			buildConfigurations = (
				E8EB273A2C1010D2005F2ABE /* Debug */,
				E8EB273B2C1010D2005F2ABE /* Release */,
			);
			defaultConfigurationIsVisible = 0;
			defaultConfigurationName = Release;
		};
		E8EB273C2C1010D2005F2ABE /* Build configuration list for PBXNativeTarget "TimHortons" */ = {
			isa = XCConfigurationList;
			buildConfigurations = (
				E8EB273D2C1010D2005F2ABE /* Debug */,
				E8EB273E2C1010D2005F2ABE /* Release */,
			);
			defaultConfigurationIsVisible = 0;
			defaultConfigurationName = Release;
		};
/* End XCConfigurationList section */
	};
	rootObject = E8EB27202C1010D1005F2ABE /* Project object */;
}
